
Microsoft Visual Studio Solution File, Format Version 12.00
# Visual Studio Version 17
VisualStudioVersion = 17.8.34525.116
MinimumVisualStudioVersion = 10.0.40219.1
Project("{FAE04EC0-301F-11D3-BF4B-00C04F79EFBC}") = "WebApiOneFeb7_9AM", "WebApiOneFeb7_9AM\WebApiOneFeb7_9AM.csproj", "{840CD81A-3BBC-483F-A5CB-95EB8BEDD9BC}"
EndProject
Global
	GlobalSection(SolutionConfigurationPlatforms) = preSolution
		Debug|Any CPU = Debug|Any CPU
		Release|Any CPU = Release|Any CPU
	EndGlobalSection
	GlobalSection(ProjectConfigurationPlatforms) = postSolution
		{840CD81A-3BBC-483F-A5CB-95EB8BEDD9BC}.Debug|Any CPU.ActiveCfg = Debug|Any CPU
		{840CD81A-3BBC-483F-A5CB-95EB8BEDD9BC}.Debug|Any CPU.Build.0 = Debug|Any CPU
		{840CD81A-3BBC-483F-A5CB-95EB8BEDD9BC}.Release|Any CPU.ActiveCfg = Release|Any CPU
		{840CD81A-3BBC-483F-A5CB-95EB8BEDD9BC}.Release|Any CPU.Build.0 = Release|Any CPU
	EndGlobalSection
	GlobalSection(SolutionProperties) = preSolution
		HideSolutionNode = FALSE
	EndGlobalSection
	GlobalSection(ExtensibilityGlobals) = postSolution
		SolutionGuid = {94D1ABB9-321F-4826-A108-9D5B67EA87A9}
	EndGlobalSection
EndGlobal
